
Microsoft Visual Studio Solution File, Format Version 12.00
# Visual Studio Version 17
VisualStudioVersion = 17.14.36616.10 d17.14
MinimumVisualStudioVersion = 10.0.40219.1
Project("{FAE04EC0-301F-11D3-BF4B-00C04F79EFBC}") = "WebApplication1", "WebApplication1\WebApplication1.csproj", "{0CF11704-656C-4F06-BE91-ACE4C86CD57A}"
EndProject
Global
	GlobalSection(SolutionConfigurationPlatforms) = preSolution
		Debug|Any CPU = Debug|Any CPU
		Release|Any CPU = Release|Any CPU
	EndGlobalSection
	GlobalSection(ProjectConfigurationPlatforms) = postSolution
		{0CF11704-656C-4F06-BE91-ACE4C86CD57A}.Debug|Any CPU.ActiveCfg = Debug|Any CPU
		{0CF11704-656C-4F06-BE91-ACE4C86CD57A}.Debug|Any CPU.Build.0 = Debug|Any CPU
		{0CF11704-656C-4F06-BE91-ACE4C86CD57A}.Release|Any CPU.ActiveCfg = Release|Any CPU
		{0CF11704-656C-4F06-BE91-ACE4C86CD57A}.Release|Any CPU.Build.0 = Release|Any CPU
	EndGlobalSection
	GlobalSection(SolutionProperties) = preSolution
		HideSolutionNode = FALSE
	EndGlobalSection
	GlobalSection(ExtensibilityGlobals) = postSolution
		SolutionGuid = {BEF89023-29A8-4EBF-9C37-89EBFD74A3FC}
	EndGlobalSection
EndGlobal
